{
  "requires": true,
  "lockfileVersion": 1,
  "dependencies": {
    "jquery": {
      "version": "3.2.1",
      "resolved": "http://registry.npm.taobao.org/jquery/download/jquery-3.2.1.tgz",
      "integrity": "sha1-XE2d5lKvbNCncBVKYxu6ErAVx4c="
    },
    "todomvc-app-css": {
      "version": "2.1.0",
      "resolved": "http://registry.npm.taobao.org/todomvc-app-css/download/todomvc-app-css-2.1.0.tgz",
      "integrity": "sha1-tvJxbTOa+i5feZNH0qSLBTliQqU="
    },
    "todomvc-common": {
      "version": "1.0.4",
      "resolved": "http://registry.npm.taobao.org/todomvc-common/download/todomvc-common-1.0.4.tgz",
      "integrity": "sha1-Iwma+IbC8FJb/UU34HjxLQB0MJ4="
    },
    "vue": {
      "version": "2.5.3",
      "resolved": "http://registry.npm.taobao.org/vue/download/vue-2.5.3.tgz",
      "integrity": "sha1-4aOx9Jtuk+V0zgQLlcvIc5Ev7ME="
    }
  }
}
